
Microsoft Visual Studio Solution File, Format Version 12.00
# Visual Studio Version 17
VisualStudioVersion = 17.3.32901.215
MinimumVisualStudioVersion = 10.0.40219.1
Project("{FAE04EC0-301F-11D3-BF4B-00C04F79EFBC}") = "Game Project 5", "Game Project 5\Game Project 5.csproj", "{22C787DF-032F-4F49-9F8B-D1697331D928}"
EndProject
Global
	GlobalSection(SolutionConfigurationPlatforms) = preSolution
		Debug|Any CPU = Debug|Any CPU
		Release|Any CPU = Release|Any CPU
	EndGlobalSection
	GlobalSection(ProjectConfigurationPlatforms) = postSolution
		{22C787DF-032F-4F49-9F8B-D1697331D928}.Debug|Any CPU.ActiveCfg = Debug|Any CPU
		{22C787DF-032F-4F49-9F8B-D1697331D928}.Debug|Any CPU.Build.0 = Debug|Any CPU
		{22C787DF-032F-4F49-9F8B-D1697331D928}.Release|Any CPU.ActiveCfg = Release|Any CPU
		{22C787DF-032F-4F49-9F8B-D1697331D928}.Release|Any CPU.Build.0 = Release|Any CPU
	EndGlobalSection
	GlobalSection(SolutionProperties) = preSolution
		HideSolutionNode = FALSE
	EndGlobalSection
	GlobalSection(ExtensibilityGlobals) = postSolution
		SolutionGuid = {E6B1F7CE-F16E-4DD8-B970-4D1C317F0CBB}
	EndGlobalSection
EndGlobal
